
Microsoft Visual Studio Solution File, Format Version 11.00
# Visual Studio 2010
Project("{FAE04EC0-301F-11D3-BF4B-00C04F79EFBC}") = "Lab1", "Lab1.csproj", "{1EB3CC38-BE5B-4163-A5DF-BBA421F35C0A}"
EndProject
Project("{FAE04EC0-301F-11D3-BF4B-00C04F79EFBC}") = "Lab1Test", "Test\Lab1Test.csproj", "{B7B8E688-1713-4D16-AF81-81900ED7B9C0}"
EndProject
Global
	GlobalSection(SolutionConfigurationPlatforms) = preSolution
		Debug|Any CPU = Debug|Any CPU
		Release|Any CPU = Release|Any CPU
	EndGlobalSection
	GlobalSection(ProjectConfigurationPlatforms) = postSolution
		{1EB3CC38-BE5B-4163-A5DF-BBA421F35C0A}.Debug|Any CPU.ActiveCfg = Debug|Any CPU
		{1EB3CC38-BE5B-4163-A5DF-BBA421F35C0A}.Debug|Any CPU.Build.0 = Debug|Any CPU
		{1EB3CC38-BE5B-4163-A5DF-BBA421F35C0A}.Release|Any CPU.ActiveCfg = Release|Any CPU
		{1EB3CC38-BE5B-4163-A5DF-BBA421F35C0A}.Release|Any CPU.Build.0 = Release|Any CPU
		{B7B8E688-1713-4D16-AF81-81900ED7B9C0}.Debug|Any CPU.ActiveCfg = Debug|Any CPU
		{B7B8E688-1713-4D16-AF81-81900ED7B9C0}.Debug|Any CPU.Build.0 = Debug|Any CPU
		{B7B8E688-1713-4D16-AF81-81900ED7B9C0}.Release|Any CPU.ActiveCfg = Release|Any CPU
		{B7B8E688-1713-4D16-AF81-81900ED7B9C0}.Release|Any CPU.Build.0 = Release|Any CPU
	EndGlobalSection
	GlobalSection(SolutionProperties) = preSolution
		HideSolutionNode = FALSE
	EndGlobalSection
EndGlobal
